
Microsoft Visual Studio Solution File, Format Version 12.00
# Visual Studio Version 17
VisualStudioVersion = 17.11.35327.3
MinimumVisualStudioVersion = 10.0.40219.1
Project("{FAE04EC0-301F-11D3-BF4B-00C04F79EFBC}") = "MasterMind1", "MasterMind1.csproj", "{13FBF522-0201-41DF-BF68-0B4C887E02D2}"
EndProject
Global
	GlobalSection(SolutionConfigurationPlatforms) = preSolution
		Debug|Any CPU = Debug|Any CPU
		Release|Any CPU = Release|Any CPU
	EndGlobalSection
	GlobalSection(ProjectConfigurationPlatforms) = postSolution
		{13FBF522-0201-41DF-BF68-0B4C887E02D2}.Debug|Any CPU.ActiveCfg = Debug|Any CPU
		{13FBF522-0201-41DF-BF68-0B4C887E02D2}.Debug|Any CPU.Build.0 = Debug|Any CPU
		{13FBF522-0201-41DF-BF68-0B4C887E02D2}.Release|Any CPU.ActiveCfg = Release|Any CPU
		{13FBF522-0201-41DF-BF68-0B4C887E02D2}.Release|Any CPU.Build.0 = Release|Any CPU
	EndGlobalSection
	GlobalSection(SolutionProperties) = preSolution
		HideSolutionNode = FALSE
	EndGlobalSection
	GlobalSection(ExtensibilityGlobals) = postSolution
		SolutionGuid = {3B46BABD-B956-4FB7-951F-46FDD33229CE}
	EndGlobalSection
EndGlobal
